
Microsoft Visual Studio Solution File, Format Version 12.00
# Visual Studio Version 16
VisualStudioVersion = 16.0.30320.27
MinimumVisualStudioVersion = 10.0.40219.1
Project("{FAE04EC0-301F-11D3-BF4B-00C04F79EFBC}") = "Contpaqi.Sql.Comercial.Empresa", "Contpaqi.Sql.Comercial.Empresa\Contpaqi.Sql.Comercial.Empresa.csproj", "{3194ECE2-D8A3-48EE-8CEC-67557CBB80D8}"
EndProject
Project("{FAE04EC0-301F-11D3-BF4B-00C04F79EFBC}") = "Ejemplos", "Ejemplos\Ejemplos.csproj", "{75A07D00-4466-4C9A-A53B-3C09C0AEC3EF}"
EndProject
Global
	GlobalSection(SolutionConfigurationPlatforms) = preSolution
		Debug|Any CPU = Debug|Any CPU
		Release|Any CPU = Release|Any CPU
	EndGlobalSection
	GlobalSection(ProjectConfigurationPlatforms) = postSolution
		{3194ECE2-D8A3-48EE-8CEC-67557CBB80D8}.Debug|Any CPU.ActiveCfg = Debug|Any CPU
		{3194ECE2-D8A3-48EE-8CEC-67557CBB80D8}.Debug|Any CPU.Build.0 = Debug|Any CPU
		{3194ECE2-D8A3-48EE-8CEC-67557CBB80D8}.Release|Any CPU.ActiveCfg = Release|Any CPU
		{3194ECE2-D8A3-48EE-8CEC-67557CBB80D8}.Release|Any CPU.Build.0 = Release|Any CPU
		{75A07D00-4466-4C9A-A53B-3C09C0AEC3EF}.Debug|Any CPU.ActiveCfg = Debug|Any CPU
		{75A07D00-4466-4C9A-A53B-3C09C0AEC3EF}.Debug|Any CPU.Build.0 = Debug|Any CPU
		{75A07D00-4466-4C9A-A53B-3C09C0AEC3EF}.Release|Any CPU.ActiveCfg = Release|Any CPU
		{75A07D00-4466-4C9A-A53B-3C09C0AEC3EF}.Release|Any CPU.Build.0 = Release|Any CPU
	EndGlobalSection
	GlobalSection(SolutionProperties) = preSolution
		HideSolutionNode = FALSE
	EndGlobalSection
	GlobalSection(ExtensibilityGlobals) = postSolution
		SolutionGuid = {74368147-87B8-4345-9DB7-4409868E632B}
	EndGlobalSection
EndGlobal
